{
  "name": "smtp-proxy-outbound",
  "version": "1.0.0",
  "lockfileVersion": 1,
  "requires": true,
  "dependencies": {
    "bindings": {
      "version": "1.2.1",
      "resolved": "https://registry.npmjs.org/bindings/-/bindings-1.2.1.tgz",
      "integrity": "sha1-FK1hE4EtLTfXLme0ystLtyZQXxE="
    },
    "debug": {
      "version": "2.6.9",
      "resolved": "https://registry.npmjs.org/debug/-/debug-2.6.9.tgz",
      "integrity": "sha512-bC7ElrdJaJnPbAP+1EotYvqZsb3ecl5wi6Bfi6BJTUcNowp6cvspg0jXznRTKDjm/E7AdgFBVeAPVMNcKGsHMA==",
      "requires": {
        "ms": "2.0.0"
      }
    },
    "ffi": {
      "version": "github:node-ffi/node-ffi#60282c29eb29eafb5d9b969b794a5ddf3e31e9d5",
      "requires": {
        "bindings": "1.2.1",
        "debug": "2.6.9",
        "nan": "2.9.2",
        "ref": "1.3.5",
        "ref-struct": "1.1.0"
      }
    },
    "ms": {
      "version": "2.0.0",
      "resolved": "https://registry.npmjs.org/ms/-/ms-2.0.0.tgz",
      "integrity": "sha1-VgiurfwAvmwpAd9fmGF4jeDVl8g="
    },
    "nan": {
      "version": "2.9.2",
      "resolved": "https://registry.npmjs.org/nan/-/nan-2.9.2.tgz",
      "integrity": "sha512-ltW65co7f3PQWBDbqVvaU1WtFJUsNW7sWWm4HINhbMQIyVyzIeyZ8toX5TC5eeooE6piZoaEh4cZkueSKG3KYw=="
    },
    "nodemailer": {
      "version": "3.1.8",
      "resolved": "https://registry.npmjs.org/nodemailer/-/nodemailer-3.1.8.tgz",
      "integrity": "sha1-/r+sy0vSc2eEc6MJxstLSi88SOM="
    },
    "ref": {
      "version": "1.3.5",
      "resolved": "https://registry.npmjs.org/ref/-/ref-1.3.5.tgz",
      "integrity": "sha512-2cBCniTtxcGUjDpvFfVpw323a83/0RLSGJJY5l5lcomZWhYpU2cuLdsvYqMixvsdLJ9+sTdzEkju8J8ZHDM2nA==",
      "requires": {
        "bindings": "1.2.1",
        "debug": "2.6.9",
        "nan": "2.9.2"
      }
    },
    "ref-struct": {
      "version": "1.1.0",
      "resolved": "https://registry.npmjs.org/ref-struct/-/ref-struct-1.1.0.tgz",
      "integrity": "sha1-XV7mWtQc78Olxf60BYcmHkee3BM=",
      "requires": {
        "debug": "2.6.9",
        "ref": "1.3.5"
      }
    },
    "smtp-connection": {
      "version": "4.0.2",
      "resolved": "https://registry.npmjs.org/smtp-connection/-/smtp-connection-4.0.2.tgz",
      "integrity": "sha1-2d1o04Vp862SZUc2cNCdjz6lGNs=",
      "requires": {
        "nodemailer": "3.1.8"
      }
    }
  }
}
